
Microsoft Visual Studio Solution File, Format Version 12.00
# Visual Studio Version 17
VisualStudioVersion = 17.3.32811.315
MinimumVisualStudioVersion = 10.0.40219.1
Project("{9A19103F-16F7-4668-BE54-9A1E7A4F7556}") = "eShop.Blazor", "eShop.Blazor\eShop.Blazor.csproj", "{16B1DED8-E092-416F-A619-830055908678}"
EndProject
Project("{9A19103F-16F7-4668-BE54-9A1E7A4F7556}") = "eShop.CoreBusiness", "eShop.CoreBusiness\eShop.CoreBusiness.csproj", "{A4B9850E-D788-4CF2-B782-61F53312EBE4}"
EndProject
Project("{9A19103F-16F7-4668-BE54-9A1E7A4F7556}") = "eShop.UseCases", "eShop.UseCases\eShop.UseCases.csproj", "{0C133CB5-7417-46F2-ACE6-8C3003FCEE5A}"
EndProject
Project("{9A19103F-16F7-4668-BE54-9A1E7A4F7556}") = "eShop.DataStore", "eShop.DataStore\eShop.DataStore.csproj", "{18E63ABA-2585-44DC-8183-35C42FD8BB85}"
EndProject
Project("{9A19103F-16F7-4668-BE54-9A1E7A4F7556}") = "eShop.ShopingCart.LocalStorage", "eShop.ShopingCart.LocalStorage\eShop.ShopingCart.LocalStorage.csproj", "{34C8FACA-F64C-4CD2-B847-7911F7E374D3}"
EndProject
Project("{9A19103F-16F7-4668-BE54-9A1E7A4F7556}") = "eShop.StateStore.LocalStorage", "eShop.StateStore.LocalStorage\eShop.StateStore.LocalStorage.csproj", "{A01DCF90-69A3-442D-B4A1-FC9C29A1A211}"
EndProject
Global
	GlobalSection(SolutionConfigurationPlatforms) = preSolution
		Debug|Any CPU = Debug|Any CPU
		Release|Any CPU = Release|Any CPU
	EndGlobalSection
	GlobalSection(ProjectConfigurationPlatforms) = postSolution
		{16B1DED8-E092-416F-A619-830055908678}.Debug|Any CPU.ActiveCfg = Debug|Any CPU
		{16B1DED8-E092-416F-A619-830055908678}.Debug|Any CPU.Build.0 = Debug|Any CPU
		{16B1DED8-E092-416F-A619-830055908678}.Release|Any CPU.ActiveCfg = Release|Any CPU
		{16B1DED8-E092-416F-A619-830055908678}.Release|Any CPU.Build.0 = Release|Any CPU
		{A4B9850E-D788-4CF2-B782-61F53312EBE4}.Debug|Any CPU.ActiveCfg = Debug|Any CPU
		{A4B9850E-D788-4CF2-B782-61F53312EBE4}.Debug|Any CPU.Build.0 = Debug|Any CPU
		{A4B9850E-D788-4CF2-B782-61F53312EBE4}.Release|Any CPU.ActiveCfg = Release|Any CPU
		{A4B9850E-D788-4CF2-B782-61F53312EBE4}.Release|Any CPU.Build.0 = Release|Any CPU
		{0C133CB5-7417-46F2-ACE6-8C3003FCEE5A}.Debug|Any CPU.ActiveCfg = Debug|Any CPU
		{0C133CB5-7417-46F2-ACE6-8C3003FCEE5A}.Debug|Any CPU.Build.0 = Debug|Any CPU
		{0C133CB5-7417-46F2-ACE6-8C3003FCEE5A}.Release|Any CPU.ActiveCfg = Release|Any CPU
		{0C133CB5-7417-46F2-ACE6-8C3003FCEE5A}.Release|Any CPU.Build.0 = Release|Any CPU
		{18E63ABA-2585-44DC-8183-35C42FD8BB85}.Debug|Any CPU.ActiveCfg = Debug|Any CPU
		{18E63ABA-2585-44DC-8183-35C42FD8BB85}.Debug|Any CPU.Build.0 = Debug|Any CPU
		{18E63ABA-2585-44DC-8183-35C42FD8BB85}.Release|Any CPU.ActiveCfg = Release|Any CPU
		{18E63ABA-2585-44DC-8183-35C42FD8BB85}.Release|Any CPU.Build.0 = Release|Any CPU
		{34C8FACA-F64C-4CD2-B847-7911F7E374D3}.Debug|Any CPU.ActiveCfg = Debug|Any CPU
		{34C8FACA-F64C-4CD2-B847-7911F7E374D3}.Debug|Any CPU.Build.0 = Debug|Any CPU
		{34C8FACA-F64C-4CD2-B847-7911F7E374D3}.Release|Any CPU.ActiveCfg = Release|Any CPU
		{34C8FACA-F64C-4CD2-B847-7911F7E374D3}.Release|Any CPU.Build.0 = Release|Any CPU
		{A01DCF90-69A3-442D-B4A1-FC9C29A1A211}.Debug|Any CPU.ActiveCfg = Debug|Any CPU
		{A01DCF90-69A3-442D-B4A1-FC9C29A1A211}.Debug|Any CPU.Build.0 = Debug|Any CPU
		{A01DCF90-69A3-442D-B4A1-FC9C29A1A211}.Release|Any CPU.ActiveCfg = Release|Any CPU
		{A01DCF90-69A3-442D-B4A1-FC9C29A1A211}.Release|Any CPU.Build.0 = Release|Any CPU
	EndGlobalSection
	GlobalSection(SolutionProperties) = preSolution
		HideSolutionNode = FALSE
	EndGlobalSection
	GlobalSection(ExtensibilityGlobals) = postSolution
		SolutionGuid = {C850692C-35C6-41AD-B931-EBF29F8C6D30}
	EndGlobalSection
EndGlobal
