
Microsoft Visual Studio Solution File, Format Version 12.00
# Visual Studio Version 17
VisualStudioVersion = 17.3.32811.315
MinimumVisualStudioVersion = 10.0.40219.1
Project("{FAE04EC0-301F-11D3-BF4B-00C04F79EFBC}") = "BlazorMudTable", "BlazorMudTable\BlazorMudTable.csproj", "{94BE38EE-5963-46B6-9BBD-A401CA9091FB}"
EndProject
Global
	GlobalSection(SolutionConfigurationPlatforms) = preSolution
		Debug|Any CPU = Debug|Any CPU
		Release|Any CPU = Release|Any CPU
	EndGlobalSection
	GlobalSection(ProjectConfigurationPlatforms) = postSolution
		{94BE38EE-5963-46B6-9BBD-A401CA9091FB}.Debug|Any CPU.ActiveCfg = Debug|Any CPU
		{94BE38EE-5963-46B6-9BBD-A401CA9091FB}.Debug|Any CPU.Build.0 = Debug|Any CPU
		{94BE38EE-5963-46B6-9BBD-A401CA9091FB}.Release|Any CPU.ActiveCfg = Release|Any CPU
		{94BE38EE-5963-46B6-9BBD-A401CA9091FB}.Release|Any CPU.Build.0 = Release|Any CPU
	EndGlobalSection
	GlobalSection(SolutionProperties) = preSolution
		HideSolutionNode = FALSE
	EndGlobalSection
	GlobalSection(ExtensibilityGlobals) = postSolution
		SolutionGuid = {B37F314F-9CD0-4C0A-953D-E8D72950D3EF}
	EndGlobalSection
EndGlobal
