
Microsoft Visual Studio Solution File, Format Version 12.00
# Visual Studio Version 17
VisualStudioVersion = 17.3.32811.315
MinimumVisualStudioVersion = 10.0.40219.1
Project("{FAE04EC0-301F-11D3-BF4B-00C04F79EFBC}") = "BlazorTutorials", "BlazorTutorials\BlazorTutorials.csproj", "{1AA47A9A-BC53-4135-8006-EB7AA8D567FF}"
EndProject
Global
	GlobalSection(SolutionConfigurationPlatforms) = preSolution
		Debug|Any CPU = Debug|Any CPU
		Release|Any CPU = Release|Any CPU
	EndGlobalSection
	GlobalSection(ProjectConfigurationPlatforms) = postSolution
		{1AA47A9A-BC53-4135-8006-EB7AA8D567FF}.Debug|Any CPU.ActiveCfg = Debug|Any CPU
		{1AA47A9A-BC53-4135-8006-EB7AA8D567FF}.Debug|Any CPU.Build.0 = Debug|Any CPU
		{1AA47A9A-BC53-4135-8006-EB7AA8D567FF}.Release|Any CPU.ActiveCfg = Release|Any CPU
		{1AA47A9A-BC53-4135-8006-EB7AA8D567FF}.Release|Any CPU.Build.0 = Release|Any CPU
	EndGlobalSection
	GlobalSection(SolutionProperties) = preSolution
		HideSolutionNode = FALSE
	EndGlobalSection
	GlobalSection(ExtensibilityGlobals) = postSolution
		SolutionGuid = {D3FD175F-F784-46CB-BE55-802BE29FEEA0}
	EndGlobalSection
EndGlobal
