
Microsoft Visual Studio Solution File, Format Version 12.00
# Visual Studio Version 17
VisualStudioVersion = 17.3.32811.315
MinimumVisualStudioVersion = 10.0.40219.1
Project("{9A19103F-16F7-4668-BE54-9A1E7A4F7556}") = "EmployeeApi", "EmployeeApi\EmployeeApi.csproj", "{FEE1A6DE-3CB6-4AA2-B26D-77C47E5412DF}"
EndProject
Project("{FAE04EC0-301F-11D3-BF4B-00C04F79EFBC}") = "EmployeeBlazor", "EmployeeBlazor\EmployeeBlazor.csproj", "{560B7FAA-49D5-44CD-A4E9-32A082117CAC}"
EndProject
Global
	GlobalSection(SolutionConfigurationPlatforms) = preSolution
		Debug|Any CPU = Debug|Any CPU
		Release|Any CPU = Release|Any CPU
	EndGlobalSection
	GlobalSection(ProjectConfigurationPlatforms) = postSolution
		{FEE1A6DE-3CB6-4AA2-B26D-77C47E5412DF}.Debug|Any CPU.ActiveCfg = Debug|Any CPU
		{FEE1A6DE-3CB6-4AA2-B26D-77C47E5412DF}.Debug|Any CPU.Build.0 = Debug|Any CPU
		{FEE1A6DE-3CB6-4AA2-B26D-77C47E5412DF}.Release|Any CPU.ActiveCfg = Release|Any CPU
		{FEE1A6DE-3CB6-4AA2-B26D-77C47E5412DF}.Release|Any CPU.Build.0 = Release|Any CPU
		{560B7FAA-49D5-44CD-A4E9-32A082117CAC}.Debug|Any CPU.ActiveCfg = Debug|Any CPU
		{560B7FAA-49D5-44CD-A4E9-32A082117CAC}.Debug|Any CPU.Build.0 = Debug|Any CPU
		{560B7FAA-49D5-44CD-A4E9-32A082117CAC}.Release|Any CPU.ActiveCfg = Release|Any CPU
		{560B7FAA-49D5-44CD-A4E9-32A082117CAC}.Release|Any CPU.Build.0 = Release|Any CPU
	EndGlobalSection
	GlobalSection(SolutionProperties) = preSolution
		HideSolutionNode = FALSE
	EndGlobalSection
	GlobalSection(ExtensibilityGlobals) = postSolution
		SolutionGuid = {A46BF7BB-E805-4C83-8853-222EBF3D16BF}
	EndGlobalSection
EndGlobal
