
Microsoft Visual Studio Solution File, Format Version 12.00
# Visual Studio Version 17
VisualStudioVersion = 17.3.32811.315
MinimumVisualStudioVersion = 10.0.40219.1
Project("{FAE04EC0-301F-11D3-BF4B-00C04F79EFBC}") = "EFRelationAPI", "EFRelationAPI\EFRelationAPI.csproj", "{93B9DED4-D7A2-4253-9CF3-A62D6D1FF518}"
EndProject
Global
	GlobalSection(SolutionConfigurationPlatforms) = preSolution
		Debug|Any CPU = Debug|Any CPU
		Release|Any CPU = Release|Any CPU
	EndGlobalSection
	GlobalSection(ProjectConfigurationPlatforms) = postSolution
		{93B9DED4-D7A2-4253-9CF3-A62D6D1FF518}.Debug|Any CPU.ActiveCfg = Debug|Any CPU
		{93B9DED4-D7A2-4253-9CF3-A62D6D1FF518}.Debug|Any CPU.Build.0 = Debug|Any CPU
		{93B9DED4-D7A2-4253-9CF3-A62D6D1FF518}.Release|Any CPU.ActiveCfg = Release|Any CPU
		{93B9DED4-D7A2-4253-9CF3-A62D6D1FF518}.Release|Any CPU.Build.0 = Release|Any CPU
	EndGlobalSection
	GlobalSection(SolutionProperties) = preSolution
		HideSolutionNode = FALSE
	EndGlobalSection
	GlobalSection(ExtensibilityGlobals) = postSolution
		SolutionGuid = {65D7483E-BC74-476A-9AB5-EC175C82B3DF}
	EndGlobalSection
EndGlobal
