
Microsoft Visual Studio Solution File, Format Version 12.00
# Visual Studio Version 17
VisualStudioVersion = 17.3.32811.315
MinimumVisualStudioVersion = 10.0.40219.1
Project("{FAE04EC0-301F-11D3-BF4B-00C04F79EFBC}") = "BlazorApprove", "BlazorApprove\BlazorApprove.csproj", "{72ACB4CA-2373-4522-962C-26B58EC5EAB1}"
EndProject
Global
	GlobalSection(SolutionConfigurationPlatforms) = preSolution
		Debug|Any CPU = Debug|Any CPU
		Release|Any CPU = Release|Any CPU
	EndGlobalSection
	GlobalSection(ProjectConfigurationPlatforms) = postSolution
		{72ACB4CA-2373-4522-962C-26B58EC5EAB1}.Debug|Any CPU.ActiveCfg = Debug|Any CPU
		{72ACB4CA-2373-4522-962C-26B58EC5EAB1}.Debug|Any CPU.Build.0 = Debug|Any CPU
		{72ACB4CA-2373-4522-962C-26B58EC5EAB1}.Release|Any CPU.ActiveCfg = Release|Any CPU
		{72ACB4CA-2373-4522-962C-26B58EC5EAB1}.Release|Any CPU.Build.0 = Release|Any CPU
	EndGlobalSection
	GlobalSection(SolutionProperties) = preSolution
		HideSolutionNode = FALSE
	EndGlobalSection
	GlobalSection(ExtensibilityGlobals) = postSolution
		SolutionGuid = {00B01A97-C392-4C6B-82CD-E65A0E178BBF}
	EndGlobalSection
EndGlobal
